
Microsoft Visual Studio Solution File, Format Version 12.00
# Visual Studio Version 17
VisualStudioVersion = 17.6.33801.468
MinimumVisualStudioVersion = 10.0.40219.1
Project("{FAE04EC0-301F-11D3-BF4B-00C04F79EFBC}") = "Cheesed", "Cheesed.csproj", "{0E79CFB1-A0D6-4A43-B170-B8ED2EC0E4EA}"
EndProject
Global
	GlobalSection(SolutionConfigurationPlatforms) = preSolution
		Debug|Any CPU = Debug|Any CPU
		Release|Any CPU = Release|Any CPU
	EndGlobalSection
	GlobalSection(ProjectConfigurationPlatforms) = postSolution
		{0E79CFB1-A0D6-4A43-B170-B8ED2EC0E4EA}.Debug|Any CPU.ActiveCfg = Debug|Any CPU
		{0E79CFB1-A0D6-4A43-B170-B8ED2EC0E4EA}.Debug|Any CPU.Build.0 = Debug|Any CPU
		{0E79CFB1-A0D6-4A43-B170-B8ED2EC0E4EA}.Release|Any CPU.ActiveCfg = Release|Any CPU
		{0E79CFB1-A0D6-4A43-B170-B8ED2EC0E4EA}.Release|Any CPU.Build.0 = Release|Any CPU
	EndGlobalSection
	GlobalSection(SolutionProperties) = preSolution
		HideSolutionNode = FALSE
	EndGlobalSection
	GlobalSection(ExtensibilityGlobals) = postSolution
		SolutionGuid = {AD134485-B94A-4CB9-A76A-6A47FD5102C6}
	EndGlobalSection
EndGlobal
